
Microsoft Visual Studio Solution File, Format Version 12.00
# Visual Studio Version 17
VisualStudioVersion = 17.12.35728.132 d17.12
MinimumVisualStudioVersion = 10.0.40219.1
Project("{FAE04EC0-301F-11D3-BF4B-00C04F79EFBC}") = "DFReactCore.Server", "DFReactCore.Server\DFReactCore.Server.csproj", "{48853961-A8AA-484C-BB25-35BC7763AB8A}"
EndProject
Project("{54A90642-561A-4BB1-A94E-469ADEE60C69}") = "dfreactcore.client", "dfreactcore.client\dfreactcore.client.esproj", "{60031EE5-5237-448B-BBA1-43CB455A6D68}"
EndProject
Global
	GlobalSection(SolutionConfigurationPlatforms) = preSolution
		Debug|Any CPU = Debug|Any CPU
		Release|Any CPU = Release|Any CPU
	EndGlobalSection
	GlobalSection(ProjectConfigurationPlatforms) = postSolution
		{48853961-A8AA-484C-BB25-35BC7763AB8A}.Debug|Any CPU.ActiveCfg = Debug|Any CPU
		{48853961-A8AA-484C-BB25-35BC7763AB8A}.Debug|Any CPU.Build.0 = Debug|Any CPU
		{48853961-A8AA-484C-BB25-35BC7763AB8A}.Release|Any CPU.ActiveCfg = Release|Any CPU
		{48853961-A8AA-484C-BB25-35BC7763AB8A}.Release|Any CPU.Build.0 = Release|Any CPU
		{60031EE5-5237-448B-BBA1-43CB455A6D68}.Debug|Any CPU.ActiveCfg = Debug|Any CPU
		{60031EE5-5237-448B-BBA1-43CB455A6D68}.Debug|Any CPU.Build.0 = Debug|Any CPU
		{60031EE5-5237-448B-BBA1-43CB455A6D68}.Debug|Any CPU.Deploy.0 = Debug|Any CPU
		{60031EE5-5237-448B-BBA1-43CB455A6D68}.Release|Any CPU.ActiveCfg = Release|Any CPU
		{60031EE5-5237-448B-BBA1-43CB455A6D68}.Release|Any CPU.Build.0 = Release|Any CPU
		{60031EE5-5237-448B-BBA1-43CB455A6D68}.Release|Any CPU.Deploy.0 = Release|Any CPU
	EndGlobalSection
	GlobalSection(SolutionProperties) = preSolution
		HideSolutionNode = FALSE
	EndGlobalSection
EndGlobal
